
Microsoft Visual Studio Solution File, Format Version 12.00
# Visual Studio Version 16
VisualStudioVersion = 25.0.1703.0
MinimumVisualStudioVersion = 10.0.40219.1
Project("{FAE04EC0-301F-11D3-BF4B-00C04F79EFBC}") = "CrudAdoNet", "CrudAdoNet\CrudAdoNet.csproj", "{AB5A1A81-C031-4E70-B5EC-9E4B410FEC03}"
EndProject
Global
	GlobalSection(SolutionConfigurationPlatforms) = preSolution
		Debug|Any CPU = Debug|Any CPU
		Release|Any CPU = Release|Any CPU
	EndGlobalSection
	GlobalSection(ProjectConfigurationPlatforms) = postSolution
		{AB5A1A81-C031-4E70-B5EC-9E4B410FEC03}.Debug|Any CPU.ActiveCfg = Debug|Any CPU
		{AB5A1A81-C031-4E70-B5EC-9E4B410FEC03}.Debug|Any CPU.Build.0 = Debug|Any CPU
		{AB5A1A81-C031-4E70-B5EC-9E4B410FEC03}.Release|Any CPU.ActiveCfg = Release|Any CPU
		{AB5A1A81-C031-4E70-B5EC-9E4B410FEC03}.Release|Any CPU.Build.0 = Release|Any CPU
	EndGlobalSection
	GlobalSection(SolutionProperties) = preSolution
		HideSolutionNode = FALSE
	EndGlobalSection
	GlobalSection(ExtensibilityGlobals) = postSolution
		SolutionGuid = {8E4D59DB-5ADE-4773-85C0-EA47861F9B2B}
	EndGlobalSection
EndGlobal
